
Microsoft Visual Studio Solution File, Format Version 12.00
# Visual Studio 15
VisualStudioVersion = 15.0.27428.2015
MinimumVisualStudioVersion = 10.0.40219.1
Project("{00D1A9C2-B5F0-4AF3-8072-F6C62B433612}") = "FlatManagement.Database", "FlatManagement.Database\FlatManagement.Database.sqlproj", "{19D7EC0F-6B90-4702-A07E-009BC915F3BA}"
EndProject
Global
	GlobalSection(SolutionConfigurationPlatforms) = preSolution
		Debug|Any CPU = Debug|Any CPU
		Release|Any CPU = Release|Any CPU
	EndGlobalSection
	GlobalSection(ProjectConfigurationPlatforms) = postSolution
		{19D7EC0F-6B90-4702-A07E-009BC915F3BA}.Debug|Any CPU.ActiveCfg = Debug|Any CPU
		{19D7EC0F-6B90-4702-A07E-009BC915F3BA}.Debug|Any CPU.Build.0 = Debug|Any CPU
		{19D7EC0F-6B90-4702-A07E-009BC915F3BA}.Debug|Any CPU.Deploy.0 = Debug|Any CPU
		{19D7EC0F-6B90-4702-A07E-009BC915F3BA}.Release|Any CPU.ActiveCfg = Release|Any CPU
		{19D7EC0F-6B90-4702-A07E-009BC915F3BA}.Release|Any CPU.Build.0 = Release|Any CPU
		{19D7EC0F-6B90-4702-A07E-009BC915F3BA}.Release|Any CPU.Deploy.0 = Release|Any CPU
	EndGlobalSection
	GlobalSection(SolutionProperties) = preSolution
		HideSolutionNode = FALSE
	EndGlobalSection
	GlobalSection(ExtensibilityGlobals) = postSolution
		SolutionGuid = {A6C69657-FB01-4D5A-8F3E-AFD7CC15C572}
	EndGlobalSection
EndGlobal
